{
  "name": "@nokeys/agentbox",
  "version": "0.2.2",
  "lockfileVersion": 3,
  "requires": true,
  "packages": {
    "": {
      "name": "@nokeys/agentbox",
      "version": "0.2.2",
      "license": "Apache-2.0",
      "bin": {
        "agentbox": "bin/agentbox.js"
      },
      "engines": {
        "node": ">=22.14.0"
      }
    }
  }
}
